// !$*UTF8*$!
{
	archiveVersion = 1;
	classes = {
	};
	objectVersion = 56;
	objects = {

/* Begin PBXBuildFile section */
		A09BEEAD294332EA00A07922 /* SweaterShopDemoApp.swift in Sources */ = {isa = PBXBuildFile; fileRef = A09BEEAC294332EA00A07922 /* SweaterShopDemoApp.swift */; };
		A09BEEAF294332EA00A07922 /* ContentView.swift in Sources */ = {isa = PBXBuildFile; fileRef = A09BEEAE294332EA00A07922 /* ContentView.swift */; };
		A09BEEB1294332ED00A07922 /* Assets.xcassets in Resources */ = {isa = PBXBuildFile; fileRef = A09BEEB0294332ED00A07922 /* Assets.xcassets */; };
		A09BEEB4294332ED00A07922 /* Preview Assets.xcassets in Resources */ = {isa = PBXBuildFile; fileRef = A09BEEB3294332ED00A07922 /* Preview Assets.xcassets */; };
		A09BEEBC2943365900A07922 /* Product.swift in Sources */ = {isa = PBXBuildFile; fileRef = A09BEEBB2943365900A07922 /* Product.swift */; };
		A09BEEBF294337F000A07922 /* ProductCard.swift in Sources */ = {isa = PBXBuildFile; fileRef = A09BEEBE294337F000A07922 /* ProductCard.swift */; };
		A09BEEC22943413A00A07922 /* CartButton.swift in Sources */ = {isa = PBXBuildFile; fileRef = A09BEEC12943413A00A07922 /* CartButton.swift */; };
		A09BEEC42943592200A07922 /* CartView.swift in Sources */ = {isa = PBXBuildFile; fileRef = A09BEEC32943592200A07922 /* CartView.swift */; };
		A09BEEC629435A6500A07922 /* CartManager.swift in Sources */ = {isa = PBXBuildFile; fileRef = A09BEEC529435A6500A07922 /* CartManager.swift */; };
		A09BEEC8294361ED00A07922 /* ProductRow.swift in Sources */ = {isa = PBXBuildFile; fileRef = A09BEEC7294361ED00A07922 /* ProductRow.swift */; };
/* End PBXBuildFile section */

/* Begin PBXFileReference section */
		A09BEEA9294332EA00A07922 /* SweaterShopDemo.app */ = {isa = PBXFileReference; explicitFileType = wrapper.application; includeInIndex = 0; path = SweaterShopDemo.app; sourceTree = BUILT_PRODUCTS_DIR; };
		A09BEEAC294332EA00A07922 /* SweaterShopDemoApp.swift */ = {isa = PBXFileReference; lastKnownFileType = sourcecode.swift; path = SweaterShopDemoApp.swift; sourceTree = "<group>"; };
		A09BEEAE294332EA00A07922 /* ContentView.swift */ = {isa = PBXFileReference; lastKnownFileType = sourcecode.swift; path = ContentView.swift; sourceTree = "<group>"; };
		A09BEEB0294332ED00A07922 /* Assets.xcassets */ = {isa = PBXFileReference; lastKnownFileType = folder.assetcatalog; path = Assets.xcassets; sourceTree = "<group>"; };
		A09BEEB3294332ED00A07922 /* Preview Assets.xcassets */ = {isa = PBXFileReference; lastKnownFileType = folder.assetcatalog; path = "Preview Assets.xcassets"; sourceTree = "<group>"; };
		A09BEEBB2943365900A07922 /* Product.swift */ = {isa = PBXFileReference; lastKnownFileType = sourcecode.swift; path = Product.swift; sourceTree = "<group>"; };
		A09BEEBE294337F000A07922 /* ProductCard.swift */ = {isa = PBXFileReference; lastKnownFileType = sourcecode.swift; path = ProductCard.swift; sourceTree = "<group>"; };
		A09BEEC12943413A00A07922 /* CartButton.swift */ = {isa = PBXFileReference; lastKnownFileType = sourcecode.swift; path = CartButton.swift; sourceTree = "<group>"; };
		A09BEEC32943592200A07922 /* CartView.swift */ = {isa = PBXFileReference; lastKnownFileType = sourcecode.swift; path = CartView.swift; sourceTree = "<group>"; };
		A09BEEC529435A6500A07922 /* CartManager.swift */ = {isa = PBXFileReference; lastKnownFileType = sourcecode.swift; path = CartManager.swift; sourceTree = "<group>"; };
		A09BEEC7294361ED00A07922 /* ProductRow.swift */ = {isa = PBXFileReference; lastKnownFileType = sourcecode.swift; path = ProductRow.swift; sourceTree = "<group>"; };
/* End PBXFileReference section */

/* Begin PBXFrameworksBuildPhase section */
		A09BEEA6294332EA00A07922 /* Frameworks */ = {
			isa = PBXFrameworksBuildPhase;
			buildActionMask = 2147483647;
			files = (
			);
			runOnlyForDeploymentPostprocessing = 0;
		};
/* End PBXFrameworksBuildPhase section */

/* Begin PBXGroup section */
		A09BEEA0294332EA00A07922 = {
			isa = PBXGroup;
			children = (
				A09BEEAB294332EA00A07922 /* SweaterShopDemo */,
				A09BEEAA294332EA00A07922 /* Products */,
			);
			sourceTree = "<group>";
		};
		A09BEEAA294332EA00A07922 /* Products */ = {
			isa = PBXGroup;
			children = (
				A09BEEA9294332EA00A07922 /* SweaterShopDemo.app */,
			);
			name = Products;
			sourceTree = "<group>";
		};
		A09BEEAB294332EA00A07922 /* SweaterShopDemo */ = {
			isa = PBXGroup;
			children = (
				A09BEEAC294332EA00A07922 /* SweaterShopDemoApp.swift */,
				A09BEEC029433CC500A07922 /* Views */,
				A09BEEBD294337C600A07922 /* Components */,
				A09BEEBA2943363C00A07922 /* Models */,
				A09BEEB0294332ED00A07922 /* Assets.xcassets */,
				A09BEEB2294332ED00A07922 /* Preview Content */,
				A09BEEC529435A6500A07922 /* CartManager.swift */,
			);
			path = SweaterShopDemo;
			sourceTree = "<group>";
		};
		A09BEEB2294332ED00A07922 /* Preview Content */ = {
			isa = PBXGroup;
			children = (
				A09BEEB3294332ED00A07922 /* Preview Assets.xcassets */,
			);
			path = "Preview Content";
			sourceTree = "<group>";
		};
		A09BEEBA2943363C00A07922 /* Models */ = {
			isa = PBXGroup;
			children = (
				A09BEEBB2943365900A07922 /* Product.swift */,
			);
			path = Models;
			sourceTree = "<group>";
		};
		A09BEEBD294337C600A07922 /* Components */ = {
			isa = PBXGroup;
			children = (
				A09BEEBE294337F000A07922 /* ProductCard.swift */,
				A09BEEC12943413A00A07922 /* CartButton.swift */,
				A09BEEC7294361ED00A07922 /* ProductRow.swift */,
			);
			path = Components;
			sourceTree = "<group>";
		};
		A09BEEC029433CC500A07922 /* Views */ = {
			isa = PBXGroup;
			children = (
				A09BEEAE294332EA00A07922 /* ContentView.swift */,
				A09BEEC32943592200A07922 /* CartView.swift */,
			);
			path = Views;
			sourceTree = "<group>";
		};
/* End PBXGroup section */

/* Begin PBXNativeTarget section */
		A09BEEA8294332EA00A07922 /* SweaterShopDemo */ = {
			isa = PBXNativeTarget;
			buildConfigurationList = A09BEEB7294332ED00A07922 /* Build configuration list for PBXNativeTarget "SweaterShopDemo" */;
			buildPhases = (
				A09BEEA5294332EA00A07922 /* Sources */,
				A09BEEA6294332EA00A07922 /* Frameworks */,
				A09BEEA7294332EA00A07922 /* Resources */,
			);
			buildRules = (
			);
			dependencies = (
			);
			name = SweaterShopDemo;
			productName = SweaterShopDemo;
			productReference = A09BEEA9294332EA00A07922 /* SweaterShopDemo.app */;
			productType = "com.apple.product-type.application";
		};
/* End PBXNativeTarget section */

/* Begin PBXProject section */
		A09BEEA1294332EA00A07922 /* Project object */ = {
			isa = PBXProject;
			attributes = {
				BuildIndependentTargetsInParallel = 1;
				LastSwiftUpdateCheck = 1410;
				LastUpgradeCheck = 1410;
				TargetAttributes = {
					A09BEEA8294332EA00A07922 = {
						CreatedOnToolsVersion = 14.1;
					};
				};
			};
			buildConfigurationList = A09BEEA4294332EA00A07922 /* Build configuration list for PBXProject "SweaterShopDemo" */;
			compatibilityVersion = "Xcode 14.0";
			developmentRegion = en;
			hasScannedForEncodings = 0;
			knownRegions = (
				en,
				Base,
			);
			mainGroup = A09BEEA0294332EA00A07922;
			productRefGroup = A09BEEAA294332EA00A07922 /* Products */;
			projectDirPath = "";
			projectRoot = "";
			targets = (
				A09BEEA8294332EA00A07922 /* SweaterShopDemo */,
			);
		};
/* End PBXProject section */

/* Begin PBXResourcesBuildPhase section */
		A09BEEA7294332EA00A07922 /* Resources */ = {
			isa = PBXResourcesBuildPhase;
			buildActionMask = 2147483647;
			files = (
				A09BEEB4294332ED00A07922 /* Preview Assets.xcassets in Resources */,
				A09BEEB1294332ED00A07922 /* Assets.xcassets in Resources */,
			);
			runOnlyForDeploymentPostprocessing = 0;
		};
/* End PBXResourcesBuildPhase section */

/* Begin PBXSourcesBuildPhase section */
		A09BEEA5294332EA00A07922 /* Sources */ = {
			isa = PBXSourcesBuildPhase;
			buildActionMask = 2147483647;
			files = (
				A09BEEC42943592200A07922 /* CartView.swift in Sources */,
				A09BEEAF294332EA00A07922 /* ContentView.swift in Sources */,
				A09BEEC629435A6500A07922 /* CartManager.swift in Sources */,
				A09BEEAD294332EA00A07922 /* SweaterShopDemoApp.swift in Sources */,
				A09BEEC8294361ED00A07922 /* ProductRow.swift in Sources */,
				A09BEEBC2943365900A07922 /* Product.swift in Sources */,
				A09BEEBF294337F000A07922 /* ProductCard.swift in Sources */,
				A09BEEC22943413A00A07922 /* CartButton.swift in Sources */,
			);
			runOnlyForDeploymentPostprocessing = 0;
		};
/* End PBXSourcesBuildPhase section */

/* Begin XCBuildConfiguration section */
		A09BEEB5294332ED00A07922 /* Debug */ = {
			isa = XCBuildConfiguration;
			buildSettings = {
				ALWAYS_SEARCH_USER_PATHS = NO;
				CLANG_ANALYZER_NONNULL = YES;
				CLANG_ANALYZER_NUMBER_OBJECT_CONVERSION = YES_AGGRESSIVE;
				CLANG_CXX_LANGUAGE_STANDARD = "gnu++20";
				CLANG_ENABLE_MODULES = YES;
				CLANG_ENABLE_OBJC_ARC = YES;
				CLANG_ENABLE_OBJC_WEAK = YES;
				CLANG_WARN_BLOCK_CAPTURE_AUTORELEASING = YES;
				CLANG_WARN_BOOL_CONVERSION = YES;
				CLANG_WARN_COMMA = YES;
				CLANG_WARN_CONSTANT_CONVERSION = YES;
				CLANG_WARN_DEPRECATED_OBJC_IMPLEMENTATIONS = YES;
				CLANG_WARN_DIRECT_OBJC_ISA_USAGE = YES_ERROR;
				CLANG_WARN_DOCUMENTATION_COMMENTS = YES;
				CLANG_WARN_EMPTY_BODY = YES;
				CLANG_WARN_ENUM_CONVERSION = YES;
				CLANG_WARN_INFINITE_RECURSION = YES;
				CLANG_WARN_INT_CONVERSION = YES;
				CLANG_WARN_NON_LITERAL_NULL_CONVERSION = YES;
				CLANG_WARN_OBJC_IMPLICIT_RETAIN_SELF = YES;
				CLANG_WARN_OBJC_LITERAL_CONVERSION = YES;
				CLANG_WARN_OBJC_ROOT_CLASS = YES_ERROR;
				CLANG_WARN_QUOTED_INCLUDE_IN_FRAMEWORK_HEADER = YES;
				CLANG_WARN_RANGE_LOOP_ANALYSIS = YES;
				CLANG_WARN_STRICT_PROTOTYPES = YES;
				CLANG_WARN_SUSPICIOUS_MOVE = YES;
				CLANG_WARN_UNGUARDED_AVAILABILITY = YES_AGGRESSIVE;
				CLANG_WARN_UNREACHABLE_CODE = YES;
				CLANG_WARN__DUPLICATE_METHOD_MATCH = YES;
				COPY_PHASE_STRIP = NO;
				DEBUG_INFORMATION_FORMAT = dwarf;
				ENABLE_STRICT_OBJC_MSGSEND = YES;
				ENABLE_TESTABILITY = YES;
				GCC_C_LANGUAGE_STANDARD = gnu11;
				GCC_DYNAMIC_NO_PIC = NO;
				GCC_NO_COMMON_BLOCKS = YES;
				GCC_OPTIMIZATION_LEVEL = 0;
				GCC_PREPROCESSOR_DEFINITIONS = (
					"DEBUG=1",
					"$(inherited)",
				);
				GCC_WARN_64_TO_32_BIT_CONVERSION = YES;
				GCC_WARN_ABOUT_RETURN_TYPE = YES_ERROR;
				GCC_WARN_UNDECLARED_SELECTOR = YES;
				GCC_WARN_UNINITIALIZED_AUTOS = YES_AGGRESSIVE;
				GCC_WARN_UNUSED_FUNCTION = YES;
				GCC_WARN_UNUSED_VARIABLE = YES;
				IPHONEOS_DEPLOYMENT_TARGET = 16.1;
				MTL_ENABLE_DEBUG_INFO = INCLUDE_SOURCE;
				MTL_FAST_MATH = YES;
				ONLY_ACTIVE_ARCH = YES;
				SDKROOT = iphoneos;
				SWIFT_ACTIVE_COMPILATION_CONDITIONS = DEBUG;
				SWIFT_OPTIMIZATION_LEVEL = "-Onone";
			};
			name = Debug;
		};
		A09BEEB6294332ED00A07922 /* Release */ = {
			isa = XCBuildConfiguration;
			buildSettings = {
				ALWAYS_SEARCH_USER_PATHS = NO;
				CLANG_ANALYZER_NONNULL = YES;
				CLANG_ANALYZER_NUMBER_OBJECT_CONVERSION = YES_AGGRESSIVE;
				CLANG_CXX_LANGUAGE_STANDARD = "gnu++20";
				CLANG_ENABLE_MODULES = YES;
				CLANG_ENABLE_OBJC_ARC = YES;
				CLANG_ENABLE_OBJC_WEAK = YES;
				CLANG_WARN_BLOCK_CAPTURE_AUTORELEASING = YES;
				CLANG_WARN_BOOL_CONVERSION = YES;
				CLANG_WARN_COMMA = YES;
				CLANG_WARN_CONSTANT_CONVERSION = YES;
				CLANG_WARN_DEPRECATED_OBJC_IMPLEMENTATIONS = YES;
				CLANG_WARN_DIRECT_OBJC_ISA_USAGE = YES_ERROR;
				CLANG_WARN_DOCUMENTATION_COMMENTS = YES;
				CLANG_WARN_EMPTY_BODY = YES;
				CLANG_WARN_ENUM_CONVERSION = YES;
				CLANG_WARN_INFINITE_RECURSION = YES;
				CLANG_WARN_INT_CONVERSION = YES;
				CLANG_WARN_NON_LITERAL_NULL_CONVERSION = YES;
				CLANG_WARN_OBJC_IMPLICIT_RETAIN_SELF = YES;
				CLANG_WARN_OBJC_LITERAL_CONVERSION = YES;
				CLANG_WARN_OBJC_ROOT_CLASS = YES_ERROR;
				CLANG_WARN_QUOTED_INCLUDE_IN_FRAMEWORK_HEADER = YES;
				CLANG_WARN_RANGE_LOOP_ANALYSIS = YES;
				CLANG_WARN_STRICT_PROTOTYPES = YES;
				CLANG_WARN_SUSPICIOUS_MOVE = YES;
				CLANG_WARN_UNGUARDED_AVAILABILITY = YES_AGGRESSIVE;
				CLANG_WARN_UNREACHABLE_CODE = YES;
				CLANG_WARN__DUPLICATE_METHOD_MATCH = YES;
				COPY_PHASE_STRIP = NO;
				DEBUG_INFORMATION_FORMAT = "dwarf-with-dsym";
				ENABLE_NS_ASSERTIONS = NO;
				ENABLE_STRICT_OBJC_MSGSEND = YES;
				GCC_C_LANGUAGE_STANDARD = gnu11;
				GCC_NO_COMMON_BLOCKS = YES;
				GCC_WARN_64_TO_32_BIT_CONVERSION = YES;
				GCC_WARN_ABOUT_RETURN_TYPE = YES_ERROR;
				GCC_WARN_UNDECLARED_SELECTOR = YES;
				GCC_WARN_UNINITIALIZED_AUTOS = YES_AGGRESSIVE;
				GCC_WARN_UNUSED_FUNCTION = YES;
				GCC_WARN_UNUSED_VARIABLE = YES;
				IPHONEOS_DEPLOYMENT_TARGET = 16.1;
				MTL_ENABLE_DEBUG_INFO = NO;
				MTL_FAST_MATH = YES;
				SDKROOT = iphoneos;
				SWIFT_COMPILATION_MODE = wholemodule;
				SWIFT_OPTIMIZATION_LEVEL = "-O";
				VALIDATE_PRODUCT = YES;
			};
			name = Release;
		};
		A09BEEB8294332ED00A07922 /* Debug */ = {
			isa = XCBuildConfiguration;
			buildSettings = {
				ASSETCATALOG_COMPILER_APPICON_NAME = AppIcon;
				ASSETCATALOG_COMPILER_GLOBAL_ACCENT_COLOR_NAME = AccentColor;
				CODE_SIGN_STYLE = Automatic;
				CURRENT_PROJECT_VERSION = 1;
				DEVELOPMENT_ASSET_PATHS = "\"SweaterShopDemo/Preview Content\"";
				DEVELOPMENT_TEAM = QYGMJ959XP;
				ENABLE_PREVIEWS = YES;
				GENERATE_INFOPLIST_FILE = YES;
				INFOPLIST_KEY_UIApplicationSceneManifest_Generation = YES;
				INFOPLIST_KEY_UIApplicationSupportsIndirectInputEvents = YES;
				INFOPLIST_KEY_UILaunchScreen_Generation = YES;
				INFOPLIST_KEY_UISupportedInterfaceOrientations_iPad = "UIInterfaceOrientationPortrait UIInterfaceOrientationPortraitUpsideDown UIInterfaceOrientationLandscapeLeft UIInterfaceOrientationLandscapeRight";
				INFOPLIST_KEY_UISupportedInterfaceOrientations_iPhone = "UIInterfaceOrientationPortrait UIInterfaceOrientationLandscapeLeft UIInterfaceOrientationLandscapeRight";
				LD_RUNPATH_SEARCH_PATHS = (
					"$(inherited)",
					"@executable_path/Frameworks",
				);
				MARKETING_VERSION = 1.0;
				PRODUCT_BUNDLE_IDENTIFIER = sihtmark.SweaterShopDemo;
				PRODUCT_NAME = "$(TARGET_NAME)";
				SWIFT_EMIT_LOC_STRINGS = YES;
				SWIFT_VERSION = 5.0;
				TARGETED_DEVICE_FAMILY = "1,2";
			};
			name = Debug;
		};
		A09BEEB9294332ED00A07922 /* Release */ = {
			isa = XCBuildConfiguration;
			buildSettings = {
				ASSETCATALOG_COMPILER_APPICON_NAME = AppIcon;
				ASSETCATALOG_COMPILER_GLOBAL_ACCENT_COLOR_NAME = AccentColor;
				CODE_SIGN_STYLE = Automatic;
				CURRENT_PROJECT_VERSION = 1;
				DEVELOPMENT_ASSET_PATHS = "\"SweaterShopDemo/Preview Content\"";
				DEVELOPMENT_TEAM = QYGMJ959XP;
				ENABLE_PREVIEWS = YES;
				GENERATE_INFOPLIST_FILE = YES;
				INFOPLIST_KEY_UIApplicationSceneManifest_Generation = YES;
				INFOPLIST_KEY_UIApplicationSupportsIndirectInputEvents = YES;
				INFOPLIST_KEY_UILaunchScreen_Generation = YES;
				INFOPLIST_KEY_UISupportedInterfaceOrientations_iPad = "UIInterfaceOrientationPortrait UIInterfaceOrientationPortraitUpsideDown UIInterfaceOrientationLandscapeLeft UIInterfaceOrientationLandscapeRight";
				INFOPLIST_KEY_UISupportedInterfaceOrientations_iPhone = "UIInterfaceOrientationPortrait UIInterfaceOrientationLandscapeLeft UIInterfaceOrientationLandscapeRight";
				LD_RUNPATH_SEARCH_PATHS = (
					"$(inherited)",
					"@executable_path/Frameworks",
				);
				MARKETING_VERSION = 1.0;
				PRODUCT_BUNDLE_IDENTIFIER = sihtmark.SweaterShopDemo;
				PRODUCT_NAME = "$(TARGET_NAME)";
				SWIFT_EMIT_LOC_STRINGS = YES;
				SWIFT_VERSION = 5.0;
				TARGETED_DEVICE_FAMILY = "1,2";
			};
			name = Release;
		};
/* End XCBuildConfiguration section */

/* Begin XCConfigurationList section */
		A09BEEA4294332EA00A07922 /* Build configuration list for PBXProject "SweaterShopDemo" */ = {
			isa = XCConfigurationList;
			buildConfigurations = (
				A09BEEB5294332ED00A07922 /* Debug */,
				A09BEEB6294332ED00A07922 /* Release */,
			);
			defaultConfigurationIsVisible = 0;
			defaultConfigurationName = Release;
		};
		A09BEEB7294332ED00A07922 /* Build configuration list for PBXNativeTarget "SweaterShopDemo" */ = {
			isa = XCConfigurationList;
			buildConfigurations = (
				A09BEEB8294332ED00A07922 /* Debug */,
				A09BEEB9294332ED00A07922 /* Release */,
			);
			defaultConfigurationIsVisible = 0;
			defaultConfigurationName = Release;
		};
/* End XCConfigurationList section */
	};
	rootObject = A09BEEA1294332EA00A07922 /* Project object */;
}
